
Microsoft Visual Studio Solution File, Format Version 12.00
# Visual Studio Version 17
VisualStudioVersion = 17.12.35527.113 d17.12
MinimumVisualStudioVersion = 10.0.40219.1
Project("{FAE04EC0-301F-11D3-BF4B-00C04F79EFBC}") = "SignalRAPI", "SignalRAPI\SignalRAPI.csproj", "{EA8EEEAB-E885-4A1C-B226-F09AFB4CE4B9}"
EndProject
Project("{FAE04EC0-301F-11D3-BF4B-00C04F79EFBC}") = "BlazorApp1", "BlazorApp1\BlazorApp1.csproj", "{90434288-1D4D-4B3D-8566-30A322D15BC6}"
EndProject
Global
	GlobalSection(SolutionConfigurationPlatforms) = preSolution
		Debug|Any CPU = Debug|Any CPU
		Release|Any CPU = Release|Any CPU
	EndGlobalSection
	GlobalSection(ProjectConfigurationPlatforms) = postSolution
		{EA8EEEAB-E885-4A1C-B226-F09AFB4CE4B9}.Debug|Any CPU.ActiveCfg = Debug|Any CPU
		{EA8EEEAB-E885-4A1C-B226-F09AFB4CE4B9}.Debug|Any CPU.Build.0 = Debug|Any CPU
		{EA8EEEAB-E885-4A1C-B226-F09AFB4CE4B9}.Release|Any CPU.ActiveCfg = Release|Any CPU
		{EA8EEEAB-E885-4A1C-B226-F09AFB4CE4B9}.Release|Any CPU.Build.0 = Release|Any CPU
		{90434288-1D4D-4B3D-8566-30A322D15BC6}.Debug|Any CPU.ActiveCfg = Debug|Any CPU
		{90434288-1D4D-4B3D-8566-30A322D15BC6}.Debug|Any CPU.Build.0 = Debug|Any CPU
		{90434288-1D4D-4B3D-8566-30A322D15BC6}.Release|Any CPU.ActiveCfg = Release|Any CPU
		{90434288-1D4D-4B3D-8566-30A322D15BC6}.Release|Any CPU.Build.0 = Release|Any CPU
	EndGlobalSection
	GlobalSection(SolutionProperties) = preSolution
		HideSolutionNode = FALSE
	EndGlobalSection
EndGlobal
